
Microsoft Visual Studio Solution File, Format Version 12.00
# Visual Studio 2013
VisualStudioVersion = 12.0.21005.1
MinimumVisualStudioVersion = 10.0.40219.1
Project("{FAE04EC0-301F-11D3-BF4B-00C04F79EFBC}") = "Mobbi", "Mobbi\Mobbi.csproj", "{1A215B2D-D109-46C6-97B8-1BF06352C25D}"
EndProject
Project("{FAE04EC0-301F-11D3-BF4B-00C04F79EFBC}") = "Mobbi.Model", "Mobbi.Model\Mobbi.Model.csproj", "{868AE288-6954-4827-B829-56265A2DC820}"
EndProject
Project("{FAE04EC0-301F-11D3-BF4B-00C04F79EFBC}") = "Mobbi.ViewModel", "Mobbi.ViewModel\Mobbi.ViewModel.csproj", "{BCE83F79-E75C-4CF0-861B-8A29FA6A0923}"
EndProject
Project("{FAE04EC0-301F-11D3-BF4B-00C04F79EFBC}") = "Mobbi.View", "Mobbi.View\Mobbi.View.csproj", "{E4750AA5-F768-4829-86BF-1A65E91DE7EC}"
EndProject
Project("{2150E333-8FDC-42A3-9474-1A3956D46DE8}") = "MVVM", "MVVM", "{B9CCF0C6-8EBD-46B6-B8D6-2499130C7022}"
EndProject
Project("{FAE04EC0-301F-11D3-BF4B-00C04F79EFBC}") = "Mobbi.Common", "Mobbi.Common\Mobbi.Common.csproj", "{514B1DEC-A03D-447C-92A7-15CD9B5F08C9}"
EndProject
Project("{FAE04EC0-301F-11D3-BF4B-00C04F79EFBC}") = "Mobbi.Data", "Mobbi.Data\Mobbi.Data.csproj", "{44F01018-A87E-4F3F-B8C1-888EBBD8B4DB}"
EndProject
Global
	GlobalSection(SolutionConfigurationPlatforms) = preSolution
		Debug|Any CPU = Debug|Any CPU
		Debug|ARM = Debug|ARM
		Debug|x64 = Debug|x64
		Debug|x86 = Debug|x86
		Release|Any CPU = Release|Any CPU
		Release|ARM = Release|ARM
		Release|x64 = Release|x64
		Release|x86 = Release|x86
	EndGlobalSection
	GlobalSection(ProjectConfigurationPlatforms) = postSolution
		{1A215B2D-D109-46C6-97B8-1BF06352C25D}.Debug|Any CPU.ActiveCfg = Debug|Any CPU
		{1A215B2D-D109-46C6-97B8-1BF06352C25D}.Debug|Any CPU.Build.0 = Debug|Any CPU
		{1A215B2D-D109-46C6-97B8-1BF06352C25D}.Debug|Any CPU.Deploy.0 = Debug|Any CPU
		{1A215B2D-D109-46C6-97B8-1BF06352C25D}.Debug|ARM.ActiveCfg = Debug|ARM
		{1A215B2D-D109-46C6-97B8-1BF06352C25D}.Debug|ARM.Build.0 = Debug|ARM
		{1A215B2D-D109-46C6-97B8-1BF06352C25D}.Debug|ARM.Deploy.0 = Debug|ARM
		{1A215B2D-D109-46C6-97B8-1BF06352C25D}.Debug|x64.ActiveCfg = Debug|x64
		{1A215B2D-D109-46C6-97B8-1BF06352C25D}.Debug|x64.Build.0 = Debug|x64
		{1A215B2D-D109-46C6-97B8-1BF06352C25D}.Debug|x64.Deploy.0 = Debug|x64
		{1A215B2D-D109-46C6-97B8-1BF06352C25D}.Debug|x86.ActiveCfg = Debug|x86
		{1A215B2D-D109-46C6-97B8-1BF06352C25D}.Debug|x86.Build.0 = Debug|x86
		{1A215B2D-D109-46C6-97B8-1BF06352C25D}.Debug|x86.Deploy.0 = Debug|x86
		{1A215B2D-D109-46C6-97B8-1BF06352C25D}.Release|Any CPU.ActiveCfg = Release|Any CPU
		{1A215B2D-D109-46C6-97B8-1BF06352C25D}.Release|Any CPU.Build.0 = Release|Any CPU
		{1A215B2D-D109-46C6-97B8-1BF06352C25D}.Release|Any CPU.Deploy.0 = Release|Any CPU
		{1A215B2D-D109-46C6-97B8-1BF06352C25D}.Release|ARM.ActiveCfg = Release|ARM
		{1A215B2D-D109-46C6-97B8-1BF06352C25D}.Release|ARM.Build.0 = Release|ARM
		{1A215B2D-D109-46C6-97B8-1BF06352C25D}.Release|ARM.Deploy.0 = Release|ARM
		{1A215B2D-D109-46C6-97B8-1BF06352C25D}.Release|x64.ActiveCfg = Release|x64
		{1A215B2D-D109-46C6-97B8-1BF06352C25D}.Release|x64.Build.0 = Release|x64
		{1A215B2D-D109-46C6-97B8-1BF06352C25D}.Release|x64.Deploy.0 = Release|x64
		{1A215B2D-D109-46C6-97B8-1BF06352C25D}.Release|x86.ActiveCfg = Release|x86
		{1A215B2D-D109-46C6-97B8-1BF06352C25D}.Release|x86.Build.0 = Release|x86
		{1A215B2D-D109-46C6-97B8-1BF06352C25D}.Release|x86.Deploy.0 = Release|x86
		{868AE288-6954-4827-B829-56265A2DC820}.Debug|Any CPU.ActiveCfg = Debug|Any CPU
		{868AE288-6954-4827-B829-56265A2DC820}.Debug|Any CPU.Build.0 = Debug|Any CPU
		{868AE288-6954-4827-B829-56265A2DC820}.Debug|ARM.ActiveCfg = Debug|ARM
		{868AE288-6954-4827-B829-56265A2DC820}.Debug|ARM.Build.0 = Debug|ARM
		{868AE288-6954-4827-B829-56265A2DC820}.Debug|x64.ActiveCfg = Debug|x64
		{868AE288-6954-4827-B829-56265A2DC820}.Debug|x64.Build.0 = Debug|x64
		{868AE288-6954-4827-B829-56265A2DC820}.Debug|x86.ActiveCfg = Debug|x86
		{868AE288-6954-4827-B829-56265A2DC820}.Debug|x86.Build.0 = Debug|x86
		{868AE288-6954-4827-B829-56265A2DC820}.Release|Any CPU.ActiveCfg = Release|Any CPU
		{868AE288-6954-4827-B829-56265A2DC820}.Release|Any CPU.Build.0 = Release|Any CPU
		{868AE288-6954-4827-B829-56265A2DC820}.Release|ARM.ActiveCfg = Release|ARM
		{868AE288-6954-4827-B829-56265A2DC820}.Release|ARM.Build.0 = Release|ARM
		{868AE288-6954-4827-B829-56265A2DC820}.Release|x64.ActiveCfg = Release|x64
		{868AE288-6954-4827-B829-56265A2DC820}.Release|x64.Build.0 = Release|x64
		{868AE288-6954-4827-B829-56265A2DC820}.Release|x86.ActiveCfg = Release|x86
		{868AE288-6954-4827-B829-56265A2DC820}.Release|x86.Build.0 = Release|x86
		{BCE83F79-E75C-4CF0-861B-8A29FA6A0923}.Debug|Any CPU.ActiveCfg = Debug|Any CPU
		{BCE83F79-E75C-4CF0-861B-8A29FA6A0923}.Debug|Any CPU.Build.0 = Debug|Any CPU
		{BCE83F79-E75C-4CF0-861B-8A29FA6A0923}.Debug|ARM.ActiveCfg = Debug|ARM
		{BCE83F79-E75C-4CF0-861B-8A29FA6A0923}.Debug|ARM.Build.0 = Debug|ARM
		{BCE83F79-E75C-4CF0-861B-8A29FA6A0923}.Debug|x64.ActiveCfg = Debug|x64
		{BCE83F79-E75C-4CF0-861B-8A29FA6A0923}.Debug|x64.Build.0 = Debug|x64
		{BCE83F79-E75C-4CF0-861B-8A29FA6A0923}.Debug|x86.ActiveCfg = Debug|x86
		{BCE83F79-E75C-4CF0-861B-8A29FA6A0923}.Debug|x86.Build.0 = Debug|x86
		{BCE83F79-E75C-4CF0-861B-8A29FA6A0923}.Release|Any CPU.ActiveCfg = Release|Any CPU
		{BCE83F79-E75C-4CF0-861B-8A29FA6A0923}.Release|Any CPU.Build.0 = Release|Any CPU
		{BCE83F79-E75C-4CF0-861B-8A29FA6A0923}.Release|ARM.ActiveCfg = Release|ARM
		{BCE83F79-E75C-4CF0-861B-8A29FA6A0923}.Release|ARM.Build.0 = Release|ARM
		{BCE83F79-E75C-4CF0-861B-8A29FA6A0923}.Release|x64.ActiveCfg = Release|x64
		{BCE83F79-E75C-4CF0-861B-8A29FA6A0923}.Release|x64.Build.0 = Release|x64
		{BCE83F79-E75C-4CF0-861B-8A29FA6A0923}.Release|x86.ActiveCfg = Release|x86
		{BCE83F79-E75C-4CF0-861B-8A29FA6A0923}.Release|x86.Build.0 = Release|x86
		{E4750AA5-F768-4829-86BF-1A65E91DE7EC}.Debug|Any CPU.ActiveCfg = Debug|Any CPU
		{E4750AA5-F768-4829-86BF-1A65E91DE7EC}.Debug|Any CPU.Build.0 = Debug|Any CPU
		{E4750AA5-F768-4829-86BF-1A65E91DE7EC}.Debug|ARM.ActiveCfg = Debug|ARM
		{E4750AA5-F768-4829-86BF-1A65E91DE7EC}.Debug|ARM.Build.0 = Debug|ARM
		{E4750AA5-F768-4829-86BF-1A65E91DE7EC}.Debug|x64.ActiveCfg = Debug|x64
		{E4750AA5-F768-4829-86BF-1A65E91DE7EC}.Debug|x64.Build.0 = Debug|x64
		{E4750AA5-F768-4829-86BF-1A65E91DE7EC}.Debug|x86.ActiveCfg = Debug|x86
		{E4750AA5-F768-4829-86BF-1A65E91DE7EC}.Debug|x86.Build.0 = Debug|x86
		{E4750AA5-F768-4829-86BF-1A65E91DE7EC}.Release|Any CPU.ActiveCfg = Release|Any CPU
		{E4750AA5-F768-4829-86BF-1A65E91DE7EC}.Release|Any CPU.Build.0 = Release|Any CPU
		{E4750AA5-F768-4829-86BF-1A65E91DE7EC}.Release|ARM.ActiveCfg = Release|ARM
		{E4750AA5-F768-4829-86BF-1A65E91DE7EC}.Release|ARM.Build.0 = Release|ARM
		{E4750AA5-F768-4829-86BF-1A65E91DE7EC}.Release|x64.ActiveCfg = Release|x64
		{E4750AA5-F768-4829-86BF-1A65E91DE7EC}.Release|x64.Build.0 = Release|x64
		{E4750AA5-F768-4829-86BF-1A65E91DE7EC}.Release|x86.ActiveCfg = Release|x86
		{E4750AA5-F768-4829-86BF-1A65E91DE7EC}.Release|x86.Build.0 = Release|x86
		{514B1DEC-A03D-447C-92A7-15CD9B5F08C9}.Debug|Any CPU.ActiveCfg = Debug|Any CPU
		{514B1DEC-A03D-447C-92A7-15CD9B5F08C9}.Debug|Any CPU.Build.0 = Debug|Any CPU
		{514B1DEC-A03D-447C-92A7-15CD9B5F08C9}.Debug|ARM.ActiveCfg = Debug|ARM
		{514B1DEC-A03D-447C-92A7-15CD9B5F08C9}.Debug|ARM.Build.0 = Debug|ARM
		{514B1DEC-A03D-447C-92A7-15CD9B5F08C9}.Debug|x64.ActiveCfg = Debug|x64
		{514B1DEC-A03D-447C-92A7-15CD9B5F08C9}.Debug|x64.Build.0 = Debug|x64
		{514B1DEC-A03D-447C-92A7-15CD9B5F08C9}.Debug|x86.ActiveCfg = Debug|x86
		{514B1DEC-A03D-447C-92A7-15CD9B5F08C9}.Debug|x86.Build.0 = Debug|x86
		{514B1DEC-A03D-447C-92A7-15CD9B5F08C9}.Release|Any CPU.ActiveCfg = Release|Any CPU
		{514B1DEC-A03D-447C-92A7-15CD9B5F08C9}.Release|Any CPU.Build.0 = Release|Any CPU
		{514B1DEC-A03D-447C-92A7-15CD9B5F08C9}.Release|ARM.ActiveCfg = Release|ARM
		{514B1DEC-A03D-447C-92A7-15CD9B5F08C9}.Release|ARM.Build.0 = Release|ARM
		{514B1DEC-A03D-447C-92A7-15CD9B5F08C9}.Release|x64.ActiveCfg = Release|x64
		{514B1DEC-A03D-447C-92A7-15CD9B5F08C9}.Release|x64.Build.0 = Release|x64
		{514B1DEC-A03D-447C-92A7-15CD9B5F08C9}.Release|x86.ActiveCfg = Release|x86
		{514B1DEC-A03D-447C-92A7-15CD9B5F08C9}.Release|x86.Build.0 = Release|x86
		{44F01018-A87E-4F3F-B8C1-888EBBD8B4DB}.Debug|Any CPU.ActiveCfg = Debug|Any CPU
		{44F01018-A87E-4F3F-B8C1-888EBBD8B4DB}.Debug|Any CPU.Build.0 = Debug|Any CPU
		{44F01018-A87E-4F3F-B8C1-888EBBD8B4DB}.Debug|ARM.ActiveCfg = Debug|ARM
		{44F01018-A87E-4F3F-B8C1-888EBBD8B4DB}.Debug|ARM.Build.0 = Debug|ARM
		{44F01018-A87E-4F3F-B8C1-888EBBD8B4DB}.Debug|x64.ActiveCfg = Debug|x64
		{44F01018-A87E-4F3F-B8C1-888EBBD8B4DB}.Debug|x64.Build.0 = Debug|x64
		{44F01018-A87E-4F3F-B8C1-888EBBD8B4DB}.Debug|x86.ActiveCfg = Debug|x86
		{44F01018-A87E-4F3F-B8C1-888EBBD8B4DB}.Debug|x86.Build.0 = Debug|x86
		{44F01018-A87E-4F3F-B8C1-888EBBD8B4DB}.Release|Any CPU.ActiveCfg = Release|Any CPU
		{44F01018-A87E-4F3F-B8C1-888EBBD8B4DB}.Release|Any CPU.Build.0 = Release|Any CPU
		{44F01018-A87E-4F3F-B8C1-888EBBD8B4DB}.Release|ARM.ActiveCfg = Release|ARM
		{44F01018-A87E-4F3F-B8C1-888EBBD8B4DB}.Release|ARM.Build.0 = Release|ARM
		{44F01018-A87E-4F3F-B8C1-888EBBD8B4DB}.Release|x64.ActiveCfg = Release|x64
		{44F01018-A87E-4F3F-B8C1-888EBBD8B4DB}.Release|x64.Build.0 = Release|x64
		{44F01018-A87E-4F3F-B8C1-888EBBD8B4DB}.Release|x86.ActiveCfg = Release|x86
		{44F01018-A87E-4F3F-B8C1-888EBBD8B4DB}.Release|x86.Build.0 = Release|x86
	EndGlobalSection
	GlobalSection(SolutionProperties) = preSolution
		HideSolutionNode = FALSE
	EndGlobalSection
	GlobalSection(NestedProjects) = preSolution
		{BCE83F79-E75C-4CF0-861B-8A29FA6A0923} = {B9CCF0C6-8EBD-46B6-B8D6-2499130C7022}
		{E4750AA5-F768-4829-86BF-1A65E91DE7EC} = {B9CCF0C6-8EBD-46B6-B8D6-2499130C7022}
		{868AE288-6954-4827-B829-56265A2DC820} = {B9CCF0C6-8EBD-46B6-B8D6-2499130C7022}
	EndGlobalSection
EndGlobal
